
Microsoft Visual Studio Solution File, Format Version 12.00
# Visual Studio 15
VisualStudioVersion = 15.0.28307.852
MinimumVisualStudioVersion = 10.0.40219.1
Project("{FAE04EC0-301F-11D3-BF4B-00C04F79EFBC}") = "BuildASnowman", "BuildASnowman.csproj", "{032021B6-2CE2-49ED-9993-B2938354A7CA}"
EndProject
Global
	GlobalSection(SolutionConfigurationPlatforms) = preSolution
		Debug|Any CPU = Debug|Any CPU
		Release|Any CPU = Release|Any CPU
	EndGlobalSection
	GlobalSection(ProjectConfigurationPlatforms) = postSolution
		{032021B6-2CE2-49ED-9993-B2938354A7CA}.Debug|Any CPU.ActiveCfg = Debug|Any CPU
		{032021B6-2CE2-49ED-9993-B2938354A7CA}.Debug|Any CPU.Build.0 = Debug|Any CPU
		{032021B6-2CE2-49ED-9993-B2938354A7CA}.Release|Any CPU.ActiveCfg = Release|Any CPU
		{032021B6-2CE2-49ED-9993-B2938354A7CA}.Release|Any CPU.Build.0 = Release|Any CPU
	EndGlobalSection
	GlobalSection(SolutionProperties) = preSolution
		HideSolutionNode = FALSE
	EndGlobalSection
	GlobalSection(ExtensibilityGlobals) = postSolution
		SolutionGuid = {785024D4-5D84-4999-94E1-85C30D6232B9}
	EndGlobalSection
EndGlobal
