
Microsoft Visual Studio Solution File, Format Version 12.00
# Visual Studio Version 16
VisualStudioVersion = 16.0.29424.173
MinimumVisualStudioVersion = 10.0.40219.1
Project("{FAE04EC0-301F-11D3-BF4B-00C04F79EFBC}") = "PhaseToComments", "PhaseToComments.csproj", "{12BF7D90-3905-4899-AC3C-C791CE7B6940}"
EndProject
Global
	GlobalSection(SolutionConfigurationPlatforms) = preSolution
		Debug|Any CPU = Debug|Any CPU
		Release|Any CPU = Release|Any CPU
	EndGlobalSection
	GlobalSection(ProjectConfigurationPlatforms) = postSolution
		{12BF7D90-3905-4899-AC3C-C791CE7B6940}.Debug|Any CPU.ActiveCfg = Debug|Any CPU
		{12BF7D90-3905-4899-AC3C-C791CE7B6940}.Debug|Any CPU.Build.0 = Debug|Any CPU
		{12BF7D90-3905-4899-AC3C-C791CE7B6940}.Release|Any CPU.ActiveCfg = Release|Any CPU
		{12BF7D90-3905-4899-AC3C-C791CE7B6940}.Release|Any CPU.Build.0 = Release|Any CPU
	EndGlobalSection
	GlobalSection(SolutionProperties) = preSolution
		HideSolutionNode = FALSE
	EndGlobalSection
	GlobalSection(ExtensibilityGlobals) = postSolution
		SolutionGuid = {4D7107F7-2FA4-4313-A077-5A1A20E3EBA1}
	EndGlobalSection
EndGlobal
