
Microsoft Visual Studio Solution File, Format Version 12.00
# Visual Studio Version 16
VisualStudioVersion = 16.0.29424.173
MinimumVisualStudioVersion = 10.0.40219.1
Project("{FAE04EC0-301F-11D3-BF4B-00C04F79EFBC}") = "BlockCADImport", "BlockCADImport.csproj", "{1516DB44-26D9-4E41-9337-45F40E8A4B87}"
EndProject
Global
	GlobalSection(SolutionConfigurationPlatforms) = preSolution
		Debug|Any CPU = Debug|Any CPU
		Release|Any CPU = Release|Any CPU
	EndGlobalSection
	GlobalSection(ProjectConfigurationPlatforms) = postSolution
		{1516DB44-26D9-4E41-9337-45F40E8A4B87}.Debug|Any CPU.ActiveCfg = Debug|Any CPU
		{1516DB44-26D9-4E41-9337-45F40E8A4B87}.Debug|Any CPU.Build.0 = Debug|Any CPU
		{1516DB44-26D9-4E41-9337-45F40E8A4B87}.Release|Any CPU.ActiveCfg = Release|Any CPU
		{1516DB44-26D9-4E41-9337-45F40E8A4B87}.Release|Any CPU.Build.0 = Release|Any CPU
	EndGlobalSection
	GlobalSection(SolutionProperties) = preSolution
		HideSolutionNode = FALSE
	EndGlobalSection
	GlobalSection(ExtensibilityGlobals) = postSolution
		SolutionGuid = {B97835FF-5EE2-4DE8-843E-E66F91D76A59}
	EndGlobalSection
EndGlobal
