
Microsoft Visual Studio Solution File, Format Version 12.00
# Visual Studio Version 16
VisualStudioVersion = 16.0.29418.71
MinimumVisualStudioVersion = 10.0.40219.1
Project("{FAE04EC0-301F-11D3-BF4B-00C04F79EFBC}") = "HelloWorld", "HelloWorld.csproj", "{57EBD2E3-35A6-4133-8428-BAA5D7841BB5}"
EndProject
Global
	GlobalSection(SolutionConfigurationPlatforms) = preSolution
		Debug|Any CPU = Debug|Any CPU
		Release|Any CPU = Release|Any CPU
	EndGlobalSection
	GlobalSection(ProjectConfigurationPlatforms) = postSolution
		{57EBD2E3-35A6-4133-8428-BAA5D7841BB5}.Debug|Any CPU.ActiveCfg = Debug|Any CPU
		{57EBD2E3-35A6-4133-8428-BAA5D7841BB5}.Debug|Any CPU.Build.0 = Debug|Any CPU
		{57EBD2E3-35A6-4133-8428-BAA5D7841BB5}.Release|Any CPU.ActiveCfg = Release|Any CPU
		{57EBD2E3-35A6-4133-8428-BAA5D7841BB5}.Release|Any CPU.Build.0 = Release|Any CPU
	EndGlobalSection
	GlobalSection(SolutionProperties) = preSolution
		HideSolutionNode = FALSE
	EndGlobalSection
	GlobalSection(ExtensibilityGlobals) = postSolution
		SolutionGuid = {20157A8B-8E37-42DF-AB92-0DBBAFA49CA5}
	EndGlobalSection
EndGlobal
